
Microsoft Visual Studio Solution File, Format Version 11.00
# Visual Studio 2010
Project("{FAE04EC0-301F-11D3-BF4B-00C04F79EFBC}") = "Niob", "Niob\Niob.csproj", "{327F0FD6-1E61-4DC7-B6E9-BFFB863362E6}"
EndProject
Project("{FAE04EC0-301F-11D3-BF4B-00C04F79EFBC}") = "Niob.Example", "Niob.Example\Niob.Example.csproj", "{2A5B98B1-D44B-4E39-9287-A275979FA2F2}"
EndProject
Global
	GlobalSection(SolutionConfigurationPlatforms) = preSolution
		Debug|Any CPU = Debug|Any CPU
		Release|Any CPU = Release|Any CPU
	EndGlobalSection
	GlobalSection(ProjectConfigurationPlatforms) = postSolution
		{327F0FD6-1E61-4DC7-B6E9-BFFB863362E6}.Debug|Any CPU.ActiveCfg = Debug|Any CPU
		{327F0FD6-1E61-4DC7-B6E9-BFFB863362E6}.Debug|Any CPU.Build.0 = Debug|Any CPU
		{327F0FD6-1E61-4DC7-B6E9-BFFB863362E6}.Release|Any CPU.ActiveCfg = Release|Any CPU
		{327F0FD6-1E61-4DC7-B6E9-BFFB863362E6}.Release|Any CPU.Build.0 = Release|Any CPU
		{2A5B98B1-D44B-4E39-9287-A275979FA2F2}.Debug|Any CPU.ActiveCfg = Debug|Any CPU
		{2A5B98B1-D44B-4E39-9287-A275979FA2F2}.Debug|Any CPU.Build.0 = Debug|Any CPU
		{2A5B98B1-D44B-4E39-9287-A275979FA2F2}.Release|Any CPU.ActiveCfg = Release|Any CPU
		{2A5B98B1-D44B-4E39-9287-A275979FA2F2}.Release|Any CPU.Build.0 = Release|Any CPU
	EndGlobalSection
	GlobalSection(SolutionProperties) = preSolution
		HideSolutionNode = FALSE
	EndGlobalSection
EndGlobal
